// !$*UTF8*$!
{
	archiveVersion = 1;
	classes = {
	};
	objectVersion = 46;
	objects = {

/* Begin PBXBuildFile section */
		11969E531B279D1800BCD81C /* AppDelegate.swift in Sources */ = {isa = PBXBuildFile; fileRef = 11969E521B279D1800BCD81C /* AppDelegate.swift */; };
		11969E551B279D1800BCD81C /* ViewController.swift in Sources */ = {isa = PBXBuildFile; fileRef = 11969E541B279D1800BCD81C /* ViewController.swift */; };
		11969E581B279D1800BCD81C /* Main.storyboard in Resources */ = {isa = PBXBuildFile; fileRef = 11969E561B279D1800BCD81C /* Main.storyboard */; };
		11969E5A1B279D1800BCD81C /* Images.xcassets in Resources */ = {isa = PBXBuildFile; fileRef = 11969E591B279D1800BCD81C /* Images.xcassets */; };
		11969E5D1B279D1800BCD81C /* LaunchScreen.xib in Resources */ = {isa = PBXBuildFile; fileRef = 11969E5B1B279D1800BCD81C /* LaunchScreen.xib */; };
		11969E691B279D1800BCD81C /* windowsEstimatorTests.swift in Sources */ = {isa = PBXBuildFile; fileRef = 11969E681B279D1800BCD81C /* windowsEstimatorTests.swift */; };
/* End PBXBuildFile section */

/* Begin PBXContainerItemProxy section */
		11969E631B279D1800BCD81C /* PBXContainerItemProxy */ = {
			isa = PBXContainerItemProxy;
			containerPortal = 11969E451B279D1700BCD81C /* Project object */;
			proxyType = 1;
			remoteGlobalIDString = 11969E4C1B279D1800BCD81C;
			remoteInfo = windowsEstimator;
		};
/* End PBXContainerItemProxy section */

/* Begin PBXFileReference section */
		11969E4D1B279D1800BCD81C /* windowsEstimator.app */ = {isa = PBXFileReference; explicitFileType = wrapper.application; includeInIndex = 0; path = windowsEstimator.app; sourceTree = BUILT_PRODUCTS_DIR; };
		11969E511B279D1800BCD81C /* Info.plist */ = {isa = PBXFileReference; lastKnownFileType = text.plist.xml; path = Info.plist; sourceTree = "<group>"; };
		11969E521B279D1800BCD81C /* AppDelegate.swift */ = {isa = PBXFileReference; lastKnownFileType = sourcecode.swift; path = AppDelegate.swift; sourceTree = "<group>"; };
		11969E541B279D1800BCD81C /* ViewController.swift */ = {isa = PBXFileReference; lastKnownFileType = sourcecode.swift; path = ViewController.swift; sourceTree = "<group>"; };
		11969E571B279D1800BCD81C /* Base */ = {isa = PBXFileReference; lastKnownFileType = file.storyboard; name = Base; path = Base.lproj/Main.storyboard; sourceTree = "<group>"; };
		11969E591B279D1800BCD81C /* Images.xcassets */ = {isa = PBXFileReference; lastKnownFileType = folder.assetcatalog; path = Images.xcassets; sourceTree = "<group>"; };
		11969E5C1B279D1800BCD81C /* Base */ = {isa = PBXFileReference; lastKnownFileType = file.xib; name = Base; path = Base.lproj/LaunchScreen.xib; sourceTree = "<group>"; };
		11969E621B279D1800BCD81C /* windowsEstimatorTests.xctest */ = {isa = PBXFileReference; explicitFileType = wrapper.cfbundle; includeInIndex = 0; path = windowsEstimatorTests.xctest; sourceTree = BUILT_PRODUCTS_DIR; };
		11969E671B279D1800BCD81C /* Info.plist */ = {isa = PBXFileReference; lastKnownFileType = text.plist.xml; path = Info.plist; sourceTree = "<group>"; };
		11969E681B279D1800BCD81C /* windowsEstimatorTests.swift */ = {isa = PBXFileReference; lastKnownFileType = sourcecode.swift; path = windowsEstimatorTests.swift; sourceTree = "<group>"; };
/* End PBXFileReference section */

/* Begin PBXFrameworksBuildPhase section */
		11969E4A1B279D1800BCD81C /* Frameworks */ = {
			isa = PBXFrameworksBuildPhase;
			buildActionMask = 2147483647;
			files = (
			);
			runOnlyForDeploymentPostprocessing = 0;
		};
		11969E5F1B279D1800BCD81C /* Frameworks */ = {
			isa = PBXFrameworksBuildPhase;
			buildActionMask = 2147483647;
			files = (
			);
			runOnlyForDeploymentPostprocessing = 0;
		};
/* End PBXFrameworksBuildPhase section */

/* Begin PBXGroup section */
		11969E441B279D1700BCD81C = {
			isa = PBXGroup;
			children = (
				11969E4F1B279D1800BCD81C /* windowsEstimator */,
				11969E651B279D1800BCD81C /* windowsEstimatorTests */,
				11969E4E1B279D1800BCD81C /* Products */,
			);
			sourceTree = "<group>";
		};
		11969E4E1B279D1800BCD81C /* Products */ = {
			isa = PBXGroup;
			children = (
				11969E4D1B279D1800BCD81C /* windowsEstimator.app */,
				11969E621B279D1800BCD81C /* windowsEstimatorTests.xctest */,
			);
			name = Products;
			sourceTree = "<group>";
		};
		11969E4F1B279D1800BCD81C /* windowsEstimator */ = {
			isa = PBXGroup;
			children = (
				11969E541B279D1800BCD81C /* ViewController.swift */,
				11969E561B279D1800BCD81C /* Main.storyboard */,
				11969E501B279D1800BCD81C /* Supporting Files */,
			);
			path = windowsEstimator;
			sourceTree = "<group>";
		};
		11969E501B279D1800BCD81C /* Supporting Files */ = {
			isa = PBXGroup;
			children = (
				11969E521B279D1800BCD81C /* AppDelegate.swift */,
				11969E591B279D1800BCD81C /* Images.xcassets */,
				11969E511B279D1800BCD81C /* Info.plist */,
				11969E5B1B279D1800BCD81C /* LaunchScreen.xib */,
			);
			name = "Supporting Files";
			sourceTree = "<group>";
		};
		11969E651B279D1800BCD81C /* windowsEstimatorTests */ = {
			isa = PBXGroup;
			children = (
				11969E681B279D1800BCD81C /* windowsEstimatorTests.swift */,
				11969E661B279D1800BCD81C /* Supporting Files */,
			);
			path = windowsEstimatorTests;
			sourceTree = "<group>";
		};
		11969E661B279D1800BCD81C /* Supporting Files */ = {
			isa = PBXGroup;
			children = (
				11969E671B279D1800BCD81C /* Info.plist */,
			);
			name = "Supporting Files";
			sourceTree = "<group>";
		};
/* End PBXGroup section */

/* Begin PBXNativeTarget section */
		11969E4C1B279D1800BCD81C /* windowsEstimator */ = {
			isa = PBXNativeTarget;
			buildConfigurationList = 11969E6C1B279D1800BCD81C /* Build configuration list for PBXNativeTarget "windowsEstimator" */;
			buildPhases = (
				11969E491B279D1800BCD81C /* Sources */,
				11969E4A1B279D1800BCD81C /* Frameworks */,
				11969E4B1B279D1800BCD81C /* Resources */,
			);
			buildRules = (
			);
			dependencies = (
			);
			name = windowsEstimator;
			productName = windowsEstimator;
			productReference = 11969E4D1B279D1800BCD81C /* windowsEstimator.app */;
			productType = "com.apple.product-type.application";
		};
		11969E611B279D1800BCD81C /* windowsEstimatorTests */ = {
			isa = PBXNativeTarget;
			buildConfigurationList = 11969E6F1B279D1800BCD81C /* Build configuration list for PBXNativeTarget "windowsEstimatorTests" */;
			buildPhases = (
				11969E5E1B279D1800BCD81C /* Sources */,
				11969E5F1B279D1800BCD81C /* Frameworks */,
				11969E601B279D1800BCD81C /* Resources */,
			);
			buildRules = (
			);
			dependencies = (
				11969E641B279D1800BCD81C /* PBXTargetDependency */,
			);
			name = windowsEstimatorTests;
			productName = windowsEstimatorTests;
			productReference = 11969E621B279D1800BCD81C /* windowsEstimatorTests.xctest */;
			productType = "com.apple.product-type.bundle.unit-test";
		};
/* End PBXNativeTarget section */

/* Begin PBXProject section */
		11969E451B279D1700BCD81C /* Project object */ = {
			isa = PBXProject;
			attributes = {
				LastUpgradeCheck = 0630;
				ORGANIZATIONNAME = "CMPE180-95";
				TargetAttributes = {
					11969E4C1B279D1800BCD81C = {
						CreatedOnToolsVersion = 6.3.2;
					};
					11969E611B279D1800BCD81C = {
						CreatedOnToolsVersion = 6.3.2;
						TestTargetID = 11969E4C1B279D1800BCD81C;
					};
				};
			};
			buildConfigurationList = 11969E481B279D1700BCD81C /* Build configuration list for PBXProject "windowsEstimator" */;
			compatibilityVersion = "Xcode 3.2";
			developmentRegion = English;
			hasScannedForEncodings = 0;
			knownRegions = (
				en,
				Base,
			);
			mainGroup = 11969E441B279D1700BCD81C;
			productRefGroup = 11969E4E1B279D1800BCD81C /* Products */;
			projectDirPath = "";
			projectRoot = "";
			targets = (
				11969E4C1B279D1800BCD81C /* windowsEstimator */,
				11969E611B279D1800BCD81C /* windowsEstimatorTests */,
			);
		};
/* End PBXProject section */

/* Begin PBXResourcesBuildPhase section */
		11969E4B1B279D1800BCD81C /* Resources */ = {
			isa = PBXResourcesBuildPhase;
			buildActionMask = 2147483647;
			files = (
				11969E581B279D1800BCD81C /* Main.storyboard in Resources */,
				11969E5D1B279D1800BCD81C /* LaunchScreen.xib in Resources */,
				11969E5A1B279D1800BCD81C /* Images.xcassets in Resources */,
			);
			runOnlyForDeploymentPostprocessing = 0;
		};
		11969E601B279D1800BCD81C /* Resources */ = {
			isa = PBXResourcesBuildPhase;
			buildActionMask = 2147483647;
			files = (
			);
			runOnlyForDeploymentPostprocessing = 0;
		};
/* End PBXResourcesBuildPhase section */

/* Begin PBXSourcesBuildPhase section */
		11969E491B279D1800BCD81C /* Sources */ = {
			isa = PBXSourcesBuildPhase;
			buildActionMask = 2147483647;
			files = (
				11969E551B279D1800BCD81C /* ViewController.swift in Sources */,
				11969E531B279D1800BCD81C /* AppDelegate.swift in Sources */,
			);
			runOnlyForDeploymentPostprocessing = 0;
		};
		11969E5E1B279D1800BCD81C /* Sources */ = {
			isa = PBXSourcesBuildPhase;
			buildActionMask = 2147483647;
			files = (
				11969E691B279D1800BCD81C /* windowsEstimatorTests.swift in Sources */,
			);
			runOnlyForDeploymentPostprocessing = 0;
		};
/* End PBXSourcesBuildPhase section */

/* Begin PBXTargetDependency section */
		11969E641B279D1800BCD81C /* PBXTargetDependency */ = {
			isa = PBXTargetDependency;
			target = 11969E4C1B279D1800BCD81C /* windowsEstimator */;
			targetProxy = 11969E631B279D1800BCD81C /* PBXContainerItemProxy */;
		};
/* End PBXTargetDependency section */

/* Begin PBXVariantGroup section */
		11969E561B279D1800BCD81C /* Main.storyboard */ = {
			isa = PBXVariantGroup;
			children = (
				11969E571B279D1800BCD81C /* Base */,
			);
			name = Main.storyboard;
			sourceTree = "<group>";
		};
		11969E5B1B279D1800BCD81C /* LaunchScreen.xib */ = {
			isa = PBXVariantGroup;
			children = (
				11969E5C1B279D1800BCD81C /* Base */,
			);
			name = LaunchScreen.xib;
			sourceTree = "<group>";
		};
/* End PBXVariantGroup section */

/* Begin XCBuildConfiguration section */
		11969E6A1B279D1800BCD81C /* Debug */ = {
			isa = XCBuildConfiguration;
			buildSettings = {
				ALWAYS_SEARCH_USER_PATHS = NO;
				CLANG_CXX_LANGUAGE_STANDARD = "gnu++0x";
				CLANG_CXX_LIBRARY = "libc++";
				CLANG_ENABLE_MODULES = YES;
				CLANG_ENABLE_OBJC_ARC = YES;
				CLANG_WARN_BOOL_CONVERSION = YES;
				CLANG_WARN_CONSTANT_CONVERSION = YES;
				CLANG_WARN_DIRECT_OBJC_ISA_USAGE = YES_ERROR;
				CLANG_WARN_EMPTY_BODY = YES;
				CLANG_WARN_ENUM_CONVERSION = YES;
				CLANG_WARN_INT_CONVERSION = YES;
				CLANG_WARN_OBJC_ROOT_CLASS = YES_ERROR;
				CLANG_WARN_UNREACHABLE_CODE = YES;
				CLANG_WARN__DUPLICATE_METHOD_MATCH = YES;
				"CODE_SIGN_IDENTITY[sdk=iphoneos*]" = "iPhone Developer";
				COPY_PHASE_STRIP = NO;
				DEBUG_INFORMATION_FORMAT = "dwarf-with-dsym";
				ENABLE_STRICT_OBJC_MSGSEND = YES;
				GCC_C_LANGUAGE_STANDARD = gnu99;
				GCC_DYNAMIC_NO_PIC = NO;
				GCC_NO_COMMON_BLOCKS = YES;
				GCC_OPTIMIZATION_LEVEL = 0;
				GCC_PREPROCESSOR_DEFINITIONS = (
					"DEBUG=1",
					"$(inherited)",
				);
				GCC_SYMBOLS_PRIVATE_EXTERN = NO;
				GCC_WARN_64_TO_32_BIT_CONVERSION = YES;
				GCC_WARN_ABOUT_RETURN_TYPE = YES_ERROR;
				GCC_WARN_UNDECLARED_SELECTOR = YES;
				GCC_WARN_UNINITIALIZED_AUTOS = YES_AGGRESSIVE;
				GCC_WARN_UNUSED_FUNCTION = YES;
				GCC_WARN_UNUSED_VARIABLE = YES;
				IPHONEOS_DEPLOYMENT_TARGET = 8.3;
				MTL_ENABLE_DEBUG_INFO = YES;
				ONLY_ACTIVE_ARCH = YES;
				SDKROOT = iphoneos;
				SWIFT_OPTIMIZATION_LEVEL = "-Onone";
				TARGETED_DEVICE_FAMILY = "1,2";
			};
			name = Debug;
		};
		11969E6B1B279D1800BCD81C /* Release */ = {
			isa = XCBuildConfiguration;
			buildSettings = {
				ALWAYS_SEARCH_USER_PATHS = NO;
				CLANG_CXX_LANGUAGE_STANDARD = "gnu++0x";
				CLANG_CXX_LIBRARY = "libc++";
				CLANG_ENABLE_MODULES = YES;
				CLANG_ENABLE_OBJC_ARC = YES;
				CLANG_WARN_BOOL_CONVERSION = YES;
				CLANG_WARN_CONSTANT_CONVERSION = YES;
				CLANG_WARN_DIRECT_OBJC_ISA_USAGE = YES_ERROR;
				CLANG_WARN_EMPTY_BODY = YES;
				CLANG_WARN_ENUM_CONVERSION = YES;
				CLANG_WARN_INT_CONVERSION = YES;
				CLANG_WARN_OBJC_ROOT_CLASS = YES_ERROR;
				CLANG_WARN_UNREACHABLE_CODE = YES;
				CLANG_WARN__DUPLICATE_METHOD_MATCH = YES;
				"CODE_SIGN_IDENTITY[sdk=iphoneos*]" = "iPhone Developer";
				COPY_PHASE_STRIP = NO;
				DEBUG_INFORMATION_FORMAT = "dwarf-with-dsym";
				ENABLE_NS_ASSERTIONS = NO;
				ENABLE_STRICT_OBJC_MSGSEND = YES;
				GCC_C_LANGUAGE_STANDARD = gnu99;
				GCC_NO_COMMON_BLOCKS = YES;
				GCC_WARN_64_TO_32_BIT_CONVERSION = YES;
				GCC_WARN_ABOUT_RETURN_TYPE = YES_ERROR;
				GCC_WARN_UNDECLARED_SELECTOR = YES;
				GCC_WARN_UNINITIALIZED_AUTOS = YES_AGGRESSIVE;
				GCC_WARN_UNUSED_FUNCTION = YES;
				GCC_WARN_UNUSED_VARIABLE = YES;
				IPHONEOS_DEPLOYMENT_TARGET = 8.3;
				MTL_ENABLE_DEBUG_INFO = NO;
				SDKROOT = iphoneos;
				TARGETED_DEVICE_FAMILY = "1,2";
				VALIDATE_PRODUCT = YES;
			};
			name = Release;
		};
		11969E6D1B279D1800BCD81C /* Debug */ = {
			isa = XCBuildConfiguration;
			buildSettings = {
				ASSETCATALOG_COMPILER_APPICON_NAME = AppIcon;
				INFOPLIST_FILE = windowsEstimator/Info.plist;
				LD_RUNPATH_SEARCH_PATHS = "$(inherited) @executable_path/Frameworks";
				PRODUCT_NAME = "$(TARGET_NAME)";
			};
			name = Debug;
		};
		11969E6E1B279D1800BCD81C /* Release */ = {
			isa = XCBuildConfiguration;
			buildSettings = {
				ASSETCATALOG_COMPILER_APPICON_NAME = AppIcon;
				INFOPLIST_FILE = windowsEstimator/Info.plist;
				LD_RUNPATH_SEARCH_PATHS = "$(inherited) @executable_path/Frameworks";
				PRODUCT_NAME = "$(TARGET_NAME)";
			};
			name = Release;
		};
		11969E701B279D1800BCD81C /* Debug */ = {
			isa = XCBuildConfiguration;
			buildSettings = {
				BUNDLE_LOADER = "$(TEST_HOST)";
				FRAMEWORK_SEARCH_PATHS = (
					"$(SDKROOT)/Developer/Library/Frameworks",
					"$(inherited)",
				);
				GCC_PREPROCESSOR_DEFINITIONS = (
					"DEBUG=1",
					"$(inherited)",
				);
				INFOPLIST_FILE = windowsEstimatorTests/Info.plist;
				LD_RUNPATH_SEARCH_PATHS = "$(inherited) @executable_path/Frameworks @loader_path/Frameworks";
				PRODUCT_NAME = "$(TARGET_NAME)";
				TEST_HOST = "$(BUILT_PRODUCTS_DIR)/windowsEstimator.app/windowsEstimator";
			};
			name = Debug;
		};
		11969E711B279D1800BCD81C /* Release */ = {
			isa = XCBuildConfiguration;
			buildSettings = {
				BUNDLE_LOADER = "$(TEST_HOST)";
				FRAMEWORK_SEARCH_PATHS = (
					"$(SDKROOT)/Developer/Library/Frameworks",
					"$(inherited)",
				);
				INFOPLIST_FILE = windowsEstimatorTests/Info.plist;
				LD_RUNPATH_SEARCH_PATHS = "$(inherited) @executable_path/Frameworks @loader_path/Frameworks";
				PRODUCT_NAME = "$(TARGET_NAME)";
				TEST_HOST = "$(BUILT_PRODUCTS_DIR)/windowsEstimator.app/windowsEstimator";
			};
			name = Release;
		};
/* End XCBuildConfiguration section */

/* Begin XCConfigurationList section */
		11969E481B279D1700BCD81C /* Build configuration list for PBXProject "windowsEstimator" */ = {
			isa = XCConfigurationList;
			buildConfigurations = (
				11969E6A1B279D1800BCD81C /* Debug */,
				11969E6B1B279D1800BCD81C /* Release */,
			);
			defaultConfigurationIsVisible = 0;
			defaultConfigurationName = Release;
		};
		11969E6C1B279D1800BCD81C /* Build configuration list for PBXNativeTarget "windowsEstimator" */ = {
			isa = XCConfigurationList;
			buildConfigurations = (
				11969E6D1B279D1800BCD81C /* Debug */,
				11969E6E1B279D1800BCD81C /* Release */,
			);
			defaultConfigurationIsVisible = 0;
		};
		11969E6F1B279D1800BCD81C /* Build configuration list for PBXNativeTarget "windowsEstimatorTests" */ = {
			isa = XCConfigurationList;
			buildConfigurations = (
				11969E701B279D1800BCD81C /* Debug */,
				11969E711B279D1800BCD81C /* Release */,
			);
			defaultConfigurationIsVisible = 0;
		};
/* End XCConfigurationList section */
	};
	rootObject = 11969E451B279D1700BCD81C /* Project object */;
}
